
Microsoft Visual Studio Solution File, Format Version 12.00
# Visual Studio Version 16
VisualStudioVersion = 16.0.30804.86
MinimumVisualStudioVersion = 10.0.40219.1
Project("{8BC9CEB8-8B4A-11D0-8D11-00A0C91BC942}") = "expresso-cpp-bridge", "expresso-cpp-bridge\expresso-cpp-bridge.vcxproj", "{59C5F029-DC58-4C59-93F6-C2C5D7DADB55}"
EndProject
Project("{8BC9CEB8-8B4A-11D0-8D11-00A0C91BC942}") = "expresso-test", "expresso-test\expresso-test.vcxproj", "{C48D246C-0611-413D-897E-F5AC78A6033D}"
EndProject
Global
	GlobalSection(SolutionConfigurationPlatforms) = preSolution
		Debug|x64 = Debug|x64
		Debug|x86 = Debug|x86
		Release|x64 = Release|x64
		Release|x86 = Release|x86
	EndGlobalSection
	GlobalSection(ProjectConfigurationPlatforms) = postSolution
		{59C5F029-DC58-4C59-93F6-C2C5D7DADB55}.Debug|x64.ActiveCfg = Debug|x64
		{59C5F029-DC58-4C59-93F6-C2C5D7DADB55}.Debug|x64.Build.0 = Debug|x64
		{59C5F029-DC58-4C59-93F6-C2C5D7DADB55}.Debug|x86.ActiveCfg = Debug|Win32
		{59C5F029-DC58-4C59-93F6-C2C5D7DADB55}.Debug|x86.Build.0 = Debug|Win32
		{59C5F029-DC58-4C59-93F6-C2C5D7DADB55}.Release|x64.ActiveCfg = Release|x64
		{59C5F029-DC58-4C59-93F6-C2C5D7DADB55}.Release|x64.Build.0 = Release|x64
		{59C5F029-DC58-4C59-93F6-C2C5D7DADB55}.Release|x86.ActiveCfg = Release|Win32
		{59C5F029-DC58-4C59-93F6-C2C5D7DADB55}.Release|x86.Build.0 = Release|Win32
		{C48D246C-0611-413D-897E-F5AC78A6033D}.Debug|x64.ActiveCfg = Debug|x64
		{C48D246C-0611-413D-897E-F5AC78A6033D}.Debug|x64.Build.0 = Debug|x64
		{C48D246C-0611-413D-897E-F5AC78A6033D}.Debug|x86.ActiveCfg = Debug|Win32
		{C48D246C-0611-413D-897E-F5AC78A6033D}.Debug|x86.Build.0 = Debug|Win32
		{C48D246C-0611-413D-897E-F5AC78A6033D}.Release|x64.ActiveCfg = Release|x64
		{C48D246C-0611-413D-897E-F5AC78A6033D}.Release|x64.Build.0 = Release|x64
		{C48D246C-0611-413D-897E-F5AC78A6033D}.Release|x86.ActiveCfg = Release|Win32
		{C48D246C-0611-413D-897E-F5AC78A6033D}.Release|x86.Build.0 = Release|Win32
	EndGlobalSection
	GlobalSection(SolutionProperties) = preSolution
		HideSolutionNode = FALSE
	EndGlobalSection
	GlobalSection(ExtensibilityGlobals) = postSolution
		SolutionGuid = {5053CECB-2967-4569-8C52-1F94784A36DA}
	EndGlobalSection
EndGlobal
